
Microsoft Visual Studio Solution File, Format Version 12.00
# Visual Studio Version 17
VisualStudioVersion = 17.6.33829.357
MinimumVisualStudioVersion = 10.0.40219.1
Project("{FAE04EC0-301F-11D3-BF4B-00C04F79EFBC}") = "WebApiApp", "WebApiApp.csproj", "{7F7A968C-EC59-4ADB-B83E-169A222B0F8C}"
EndProject
Project("{FAE04EC0-301F-11D3-BF4B-00C04F79EFBC}") = "WebApiApp.Tests", "..\WebApiApp.Tests\WebApiApp.Tests.csproj", "{556825C9-E99A-46B3-A97B-58D0B79C230F}"
EndProject
Global
	GlobalSection(SolutionConfigurationPlatforms) = preSolution
		Debug|Any CPU = Debug|Any CPU
		Release|Any CPU = Release|Any CPU
	EndGlobalSection
	GlobalSection(ProjectConfigurationPlatforms) = postSolution
		{7F7A968C-EC59-4ADB-B83E-169A222B0F8C}.Debug|Any CPU.ActiveCfg = Debug|Any CPU
		{7F7A968C-EC59-4ADB-B83E-169A222B0F8C}.Debug|Any CPU.Build.0 = Debug|Any CPU
		{7F7A968C-EC59-4ADB-B83E-169A222B0F8C}.Release|Any CPU.ActiveCfg = Release|Any CPU
		{7F7A968C-EC59-4ADB-B83E-169A222B0F8C}.Release|Any CPU.Build.0 = Release|Any CPU
		{556825C9-E99A-46B3-A97B-58D0B79C230F}.Debug|Any CPU.ActiveCfg = Debug|Any CPU
		{556825C9-E99A-46B3-A97B-58D0B79C230F}.Debug|Any CPU.Build.0 = Debug|Any CPU
		{556825C9-E99A-46B3-A97B-58D0B79C230F}.Release|Any CPU.ActiveCfg = Release|Any CPU
		{556825C9-E99A-46B3-A97B-58D0B79C230F}.Release|Any CPU.Build.0 = Release|Any CPU
	EndGlobalSection
	GlobalSection(SolutionProperties) = preSolution
		HideSolutionNode = FALSE
	EndGlobalSection
	GlobalSection(ExtensibilityGlobals) = postSolution
		SolutionGuid = {7ADDD911-715D-4289-A8B5-5B4A553C9142}
	EndGlobalSection
EndGlobal
